
Microsoft Visual Studio Solution File, Format Version 12.00
Project("{2150E333-8FDC-42A3-9474-1A3956D46DE8}") = "Core", "Core", "{6F372C35-BA8B-4E84-B548-F07C346D4D50}"
EndProject
Project("{FAE04EC0-301F-11D3-BF4B-00C04F79EFBC}") = "InMindLab5.Domain", "InMindLab5.Domain\InMindLab5.Domain.csproj", "{10A2594F-CCA9-42E9-955A-2CD2D8BED421}"
EndProject
Project("{2150E333-8FDC-42A3-9474-1A3956D46DE8}") = "Src", "Src", "{A5055320-B3C7-47B7-AD6F-9E2BC503F0D9}"
EndProject
Project("{2150E333-8FDC-42A3-9474-1A3956D46DE8}") = "Common", "Common", "{877F28A1-35E2-4517-8BD1-2847C576282E}"
EndProject
Project("{2150E333-8FDC-42A3-9474-1A3956D46DE8}") = "Infrastructure", "Infrastructure", "{218BFC3D-5986-4D61-8CA5-819DFC932CEE}"
EndProject
Project("{2150E333-8FDC-42A3-9474-1A3956D46DE8}") = "Presentation", "Presentation", "{CC3AE150-FD07-4F70-B07A-2CD3F6E8D917}"
EndProject
Project("{FAE04EC0-301F-11D3-BF4B-00C04F79EFBC}") = "InMindLab5.Application", "InMindLab5.Application\InMindLab5.Application.csproj", "{BCD1ADE5-8567-4624-B5FC-244DC0DD9A3C}"
EndProject
Project("{FAE04EC0-301F-11D3-BF4B-00C04F79EFBC}") = "InMindLab5.Common", "InMindLab5.Common\InMindLab5.Common.csproj", "{D7B78418-84E7-44A5-938C-CD46D3A9917C}"
EndProject
Project("{FAE04EC0-301F-11D3-BF4B-00C04F79EFBC}") = "InMindLab5.Infrastructure", "InMindLab5.Infrastructure\InMindLab5.Infrastructure.csproj", "{4DF325C8-6051-4EF1-AA89-CBF94421DE66}"
EndProject
Project("{FAE04EC0-301F-11D3-BF4B-00C04F79EFBC}") = "InMindLab5.Persistence", "InMindLab5.Persistence\InMindLab5.Persistence.csproj", "{2AEADD50-A4C1-4CC6-A38C-45DFAD663C45}"
EndProject
Project("{FAE04EC0-301F-11D3-BF4B-00C04F79EFBC}") = "InMindLab5.API", "InMindLab5.API\InMindLab5.API.csproj", "{7E36F4EA-0BE8-4BAD-AAFD-3211CFC7360C}"
EndProject
Global
	GlobalSection(SolutionConfigurationPlatforms) = preSolution
		Debug|Any CPU = Debug|Any CPU
		Release|Any CPU = Release|Any CPU
	EndGlobalSection
	GlobalSection(NestedProjects) = preSolution
		{10A2594F-CCA9-42E9-955A-2CD2D8BED421} = {6F372C35-BA8B-4E84-B548-F07C346D4D50}
		{6F372C35-BA8B-4E84-B548-F07C346D4D50} = {A5055320-B3C7-47B7-AD6F-9E2BC503F0D9}
		{877F28A1-35E2-4517-8BD1-2847C576282E} = {A5055320-B3C7-47B7-AD6F-9E2BC503F0D9}
		{218BFC3D-5986-4D61-8CA5-819DFC932CEE} = {A5055320-B3C7-47B7-AD6F-9E2BC503F0D9}
		{CC3AE150-FD07-4F70-B07A-2CD3F6E8D917} = {A5055320-B3C7-47B7-AD6F-9E2BC503F0D9}
		{BCD1ADE5-8567-4624-B5FC-244DC0DD9A3C} = {6F372C35-BA8B-4E84-B548-F07C346D4D50}
		{D7B78418-84E7-44A5-938C-CD46D3A9917C} = {877F28A1-35E2-4517-8BD1-2847C576282E}
		{4DF325C8-6051-4EF1-AA89-CBF94421DE66} = {218BFC3D-5986-4D61-8CA5-819DFC932CEE}
		{2AEADD50-A4C1-4CC6-A38C-45DFAD663C45} = {218BFC3D-5986-4D61-8CA5-819DFC932CEE}
		{7E36F4EA-0BE8-4BAD-AAFD-3211CFC7360C} = {CC3AE150-FD07-4F70-B07A-2CD3F6E8D917}
	EndGlobalSection
	GlobalSection(ProjectConfigurationPlatforms) = postSolution
		{10A2594F-CCA9-42E9-955A-2CD2D8BED421}.Debug|Any CPU.ActiveCfg = Debug|Any CPU
		{10A2594F-CCA9-42E9-955A-2CD2D8BED421}.Debug|Any CPU.Build.0 = Debug|Any CPU
		{10A2594F-CCA9-42E9-955A-2CD2D8BED421}.Release|Any CPU.ActiveCfg = Release|Any CPU
		{10A2594F-CCA9-42E9-955A-2CD2D8BED421}.Release|Any CPU.Build.0 = Release|Any CPU
		{BCD1ADE5-8567-4624-B5FC-244DC0DD9A3C}.Debug|Any CPU.ActiveCfg = Debug|Any CPU
		{BCD1ADE5-8567-4624-B5FC-244DC0DD9A3C}.Debug|Any CPU.Build.0 = Debug|Any CPU
		{BCD1ADE5-8567-4624-B5FC-244DC0DD9A3C}.Release|Any CPU.ActiveCfg = Release|Any CPU
		{BCD1ADE5-8567-4624-B5FC-244DC0DD9A3C}.Release|Any CPU.Build.0 = Release|Any CPU
		{D7B78418-84E7-44A5-938C-CD46D3A9917C}.Debug|Any CPU.ActiveCfg = Debug|Any CPU
		{D7B78418-84E7-44A5-938C-CD46D3A9917C}.Debug|Any CPU.Build.0 = Debug|Any CPU
		{D7B78418-84E7-44A5-938C-CD46D3A9917C}.Release|Any CPU.ActiveCfg = Release|Any CPU
		{D7B78418-84E7-44A5-938C-CD46D3A9917C}.Release|Any CPU.Build.0 = Release|Any CPU
		{4DF325C8-6051-4EF1-AA89-CBF94421DE66}.Debug|Any CPU.ActiveCfg = Debug|Any CPU
		{4DF325C8-6051-4EF1-AA89-CBF94421DE66}.Debug|Any CPU.Build.0 = Debug|Any CPU
		{4DF325C8-6051-4EF1-AA89-CBF94421DE66}.Release|Any CPU.ActiveCfg = Release|Any CPU
		{4DF325C8-6051-4EF1-AA89-CBF94421DE66}.Release|Any CPU.Build.0 = Release|Any CPU
		{2AEADD50-A4C1-4CC6-A38C-45DFAD663C45}.Debug|Any CPU.ActiveCfg = Debug|Any CPU
		{2AEADD50-A4C1-4CC6-A38C-45DFAD663C45}.Debug|Any CPU.Build.0 = Debug|Any CPU
		{2AEADD50-A4C1-4CC6-A38C-45DFAD663C45}.Release|Any CPU.ActiveCfg = Release|Any CPU
		{2AEADD50-A4C1-4CC6-A38C-45DFAD663C45}.Release|Any CPU.Build.0 = Release|Any CPU
		{7E36F4EA-0BE8-4BAD-AAFD-3211CFC7360C}.Debug|Any CPU.ActiveCfg = Debug|Any CPU
		{7E36F4EA-0BE8-4BAD-AAFD-3211CFC7360C}.Debug|Any CPU.Build.0 = Debug|Any CPU
		{7E36F4EA-0BE8-4BAD-AAFD-3211CFC7360C}.Release|Any CPU.ActiveCfg = Release|Any CPU
		{7E36F4EA-0BE8-4BAD-AAFD-3211CFC7360C}.Release|Any CPU.Build.0 = Release|Any CPU
	EndGlobalSection
EndGlobal
